
Microsoft Visual Studio Solution File, Format Version 12.00
# Visual Studio Version 16
VisualStudioVersion = 16.0.29001.49
MinimumVisualStudioVersion = 10.0.40219.1
Project("{FAE04EC0-301F-11D3-BF4B-00C04F79EFBC}") = "ArcDPS更新工具", "ArcDPS更新工具\ArcDPS更新工具.csproj", "{5765336D-F997-4E18-8125-D0FA5857C992}"
EndProject
Project("{FAE04EC0-301F-11D3-BF4B-00C04F79EFBC}") = "ArcDPS-uptool", "ArcDPS-uptool\ArcDPS-uptool.csproj", "{572FBF04-A770-4DEA-8976-341C47DB0B1B}"
EndProject
Global
	GlobalSection(SolutionConfigurationPlatforms) = preSolution
		Debug|Any CPU = Debug|Any CPU
		Release|Any CPU = Release|Any CPU
	EndGlobalSection
	GlobalSection(ProjectConfigurationPlatforms) = postSolution
		{5765336D-F997-4E18-8125-D0FA5857C992}.Debug|Any CPU.ActiveCfg = Debug|Any CPU
		{5765336D-F997-4E18-8125-D0FA5857C992}.Debug|Any CPU.Build.0 = Debug|Any CPU
		{5765336D-F997-4E18-8125-D0FA5857C992}.Release|Any CPU.ActiveCfg = Release|Any CPU
		{5765336D-F997-4E18-8125-D0FA5857C992}.Release|Any CPU.Build.0 = Release|Any CPU
		{572FBF04-A770-4DEA-8976-341C47DB0B1B}.Debug|Any CPU.ActiveCfg = Debug|Any CPU
		{572FBF04-A770-4DEA-8976-341C47DB0B1B}.Debug|Any CPU.Build.0 = Debug|Any CPU
		{572FBF04-A770-4DEA-8976-341C47DB0B1B}.Release|Any CPU.ActiveCfg = Release|Any CPU
		{572FBF04-A770-4DEA-8976-341C47DB0B1B}.Release|Any CPU.Build.0 = Release|Any CPU
	EndGlobalSection
	GlobalSection(SolutionProperties) = preSolution
		HideSolutionNode = FALSE
	EndGlobalSection
	GlobalSection(ExtensibilityGlobals) = postSolution
		SolutionGuid = {4F04ACDE-0AEA-4016-B317-5AE498B9EA86}
	EndGlobalSection
EndGlobal
